<?xml version="1.0" encoding="utf-8"?>
<Project ToolsVersion="4.0" xmlns="http://schemas.microsoft.com/developer/msbuild/2003">
  <ItemGroup>
    <ClCompile Include="pch.cpp" />
    <ClCompile Include="main.cpp" />
    <ClCompile Include="Engine.Tests\Actors\test_game_object.cpp">
      <Filter>Engine\Actors</Filter>
    </ClCompile>
    <ClCompile Include="Engine.Tests\Gfx\test_draw_manager.cpp">
      <Filter>Engine\Gfx</Filter>
    </ClCompile>
    <ClCompile Include="Engine.Tests\Physics\test_collision_info.cpp">
      <Filter>Engine\Physics</Filter>
    </ClCompile>
    <ClCompile Include="Engine.Tests\Physics\test_rect.cpp">
      <Filter>Engine\Physics</Filter>
    </ClCompile>
    <ClCompile Include="Engine.Tests\Physics\test_rigid_body.cpp">
      <Filter>Engine\Physics</Filter>
    </ClCompile>
    <ClCompile Include="Engine.Tests\Physics\test_vector2.cpp">
      <Filter>Engine\Physics</Filter>
    </ClCompile>
    <ClCompile Include="Engine.Tests\test_update_manager.cpp">
      <Filter>Engine</Filter>
    </ClCompile>
    <ClCompile Include="test_physics_manager.cpp">
      <Filter>Engine\Physics</Filter>
    </ClCompile>
    <ClCompile Include="test_texture_manager.cpp">
      <Filter>Engine\Gfx</Filter>
    </ClCompile>
  </ItemGroup>
  <ItemGroup>
    <ClInclude Include="pch.h" />
  </ItemGroup>
  <ItemGroup>
    <None Include="packages.config" />
  </ItemGroup>
  <ItemGroup>
    <Filter Include="Engine">
      <UniqueIdentifier>{eeb8bbc8-af9f-43cc-ba68-44bcea29aca4}</UniqueIdentifier>
    </Filter>
    <Filter Include="Engine\Physics">
      <UniqueIdentifier>{1974d316-0c35-41d5-bd5e-1728d36f2ce3}</UniqueIdentifier>
    </Filter>
    <Filter Include="Engine\Gfx">
      <UniqueIdentifier>{c6ff66e4-75be-4a7b-9cb4-9862d6bd7fef}</UniqueIdentifier>
    </Filter>
    <Filter Include="Engine\Actors">
      <UniqueIdentifier>{cb714e34-3223-4035-9d8e-040b3eda1d17}</UniqueIdentifier>
    </Filter>
  </ItemGroup>
</Project>